{
    "_meta": {
        "hash": {
            "sha256": "d65b5e3bf7c25794752b657ec4de507e03f58b79a4deb06ecbf48c507415c344"
        },
        "pipfile-spec": 6,
        "requires": {
            "python_version": "3.7"
        },
        "sources": [
            {
                "name": "pypi",
                "url": "https://pypi.org/simple",
                "verify_ssl": true
            }
        ]
    },
    "default": {
        "appdirs": {
            "hashes": [
                "sha256:7d5d0167b2b1ba821647616af46a749d1c653740dd0d2415100fe26e27afdf41",
                "sha256:a841dacd6b99318a741b166adb07e19ee71a274450e68237b4650ca1055ab128"
            ],
            "version": "==1.4.4"
        },
        "astroid": {
            "hashes": [
                "sha256:71ea07f44df9568a75d0f354c49143a4575d90645e9fead6dfb52c26a85ed13a",
                "sha256:840947ebfa8b58f318d42301cf8c0a20fd794a33b61cc4638e28e9e61ba32f42"
            ],
            "version": "==2.3.3"
        },
        "attrs": {
            "hashes": [
                "sha256:31b2eced602aa8423c2aea9c76a724617ed67cf9513173fd3a4f03e3a929c7e6",
                "sha256:832aa3cde19744e49938b91fea06d69ecb9e649c93ba974535d08ad92164f700"
            ],
            "version": "==20.3.0"
        },
        "black": {
            "hashes": [
                "sha256:09a9dcb7c46ed496a9850b76e4e825d6049ecd38b611f1224857a79bd985a8cf",
                "sha256:68950ffd4d9169716bcb8719a56c07a2f4485354fec061cdd5910aa07369731c"
            ],
            "index": "pypi",
            "version": "==19.3b0"
        },
        "brotli": {
            "hashes": [
                "sha256:160c78292e98d21e73a4cc7f76a234390e516afcd982fa17e1422f7c6a9ce9c8",
                "sha256:16d528a45c2e1909c2798f27f7bf0a3feec1dc9e50948e738b961618e38b6a7b",
                "sha256:1c48472a6ba3b113452355b9af0a60da5c2ae60477f8feda8346f8fd48e3e87c",
                "sha256:268fe94547ba25b58ebc724680609c8ee3e5a843202e9a381f6f9c5e8bdb5c70",
                "sha256:269a5743a393c65db46a7bb982644c67ecba4b8d91b392403ad8a861ba6f495f",
                "sha256:35a3edbe18e876e596553c4007a087f8bcfd538f19bc116917b3c7522fca0429",
                "sha256:3b78a24b5fd13c03ee2b7b86290ed20efdc95da75a3557cc06811764d5ad1126",
                "sha256:40d15c79f42e0a2c72892bf407979febd9cf91f36f495ffb333d1d04cebb34e4",
                "sha256:4d1b810aa0ed773f81dceda2cc7b403d01057458730e309856356d4ef4188438",
                "sha256:503fa6af7da9f4b5780bb7e4cbe0c639b010f12be85d02c99452825dd0feef3f",
                "sha256:56d027eace784738457437df7331965473f2c0da2c70e1a1f6fdbae5402e0389",
                "sha256:5913a1177fc36e30fcf6dc868ce23b0453952c78c04c266d3149b3d39e1410d6",
                "sha256:5b6ef7d9f9c38292df3690fe3e302b5b530999fa90014853dcd0d6902fb59f26",
                "sha256:5cb1e18167792d7d21e21365d7650b72d5081ed476123ff7b8cac7f45189c0c7",
                "sha256:61a7ee1f13ab913897dac7da44a73c6d44d48a4adff42a5701e3239791c96e14",
                "sha256:68715970f16b6e92c574c30747c95cf8cf62804569647386ff032195dc89a430",
                "sha256:6b2ae9f5f67f89aade1fab0f7fd8f2832501311c363a21579d02defa844d9296",
                "sha256:6c772d6c0a79ac0f414a9f8947cc407e119b8598de7621f39cacadae3cf57d12",
                "sha256:7cb81373984cc0e4682f31bc3d6be9026006d96eecd07ea49aafb06897746452",
                "sha256:854c33dad5ba0fbd6ab69185fec8dab89e13cda6b7d191ba111987df74f38761",
                "sha256:88c63a1b55f352b02c6ffd24b15ead9fc0e8bf781dbe070213039324922a2eea",
                "sha256:93130612b837103e15ac3f9cbacb4613f9e348b58b3aad53721d92e57f96d46a",
                "sha256:97f715cf371b16ac88b8c19da00029804e20e25f30d80203417255d239f228b5",
                "sha256:9d12cf2851759b8de8ca5fde36a59c08210a97ffca0eb94c532ce7b17c6a3d1d",
                "sha256:afde17ae04d90fbe53afb628f7f2d4ca022797aa093e809de5c3cf276f61bbfa",
                "sha256:b663f1e02de5d0573610756398e44c130add0eb9a3fc912a09665332942a2efb",
                "sha256:c2415d9d082152460f2bd4e382a1e85aed233abc92db5a3880da2257dc7daf7b",
                "sha256:c83aa123d56f2e060644427a882a36b3c12db93727ad7a7b9efd7d7f3e9cc2c4",
                "sha256:cfc391f4429ee0a9370aa93d812a52e1fee0f37a81861f4fdd1f4fb28e8547c3",
                "sha256:db844eb158a87ccab83e868a762ea8024ae27337fc7ddcbfcddd157f841fdfe7",
                "sha256:defed7ea5f218a9f2336301e6fd379f55c655bea65ba2476346340a0ce6f74a1",
                "sha256:f909bbbc433048b499cb9db9e713b5d8d949e8c109a2a548502fb9aa8630f0b1"
            ],
            "version": "==1.0.9"
        },
        "certifi": {
            "hashes": [
                "sha256:1a4995114262bffbc2413b159f2a1a480c969de6e6eb13ee966d470af86af59c",
                "sha256:719a74fb9e33b9bd44cc7f3a8d94bc35e4049deebe19ba7d8e108280cfd59830"
            ],
            "version": "==2020.12.5"
        },
        "chardet": {
            "hashes": [
                "sha256:0d6f53a15db4120f2b08c94f11e7d93d2c911ee118b6b30a04ec3ee8310179fa",
                "sha256:f864054d66fd9118f2e67044ac8981a54775ec5b67aed0441892edb553d21da5"
            ],
            "version": "==4.0.0"
        },
        "click": {
            "hashes": [
                "sha256:06b3a46da3b40f4bbe19b8ea5ba9a34e7925913a9b51608ff0c1d78ef0b814b4",
                "sha256:7340a8666a3e2eff5f2ee778c2d06b606ce9891a61b2ee315e0a3994ffd2226a"
            ],
            "version": "==8.0.0rc1"
        },
        "dash": {
            "hashes": [
                "sha256:59e9f34a46b6b6ee58b00f5d2e8ddbd69ad28a51c62313469c513a7e8751df86"
            ],
            "index": "pypi",
            "version": "==1.3.1"
        },
        "dash-core-components": {
            "hashes": [
                "sha256:88b54f20f3bdd35b9fc95b3a9fcb07fbf4fb0f3d609906ff66abf3b77bc76d76"
            ],
            "version": "==1.2.1"
        },
        "dash-html-components": {
            "hashes": [
                "sha256:7d7e80bf12635eb7d281fb0e7dd4b6e53f10dd57e3384ea5044c44ab16454fe4"
            ],
            "version": "==1.0.1"
        },
        "dash-renderer": {
            "hashes": [
                "sha256:eca9a3ee9604f349912aa7956cdce547378937d9e9491d3bf02f719cfea278e0"
            ],
            "version": "==1.1.0"
        },
        "dash-table": {
            "hashes": [
                "sha256:ca6855dcf95136f19e0ab273c48caf8a5529f2a614bbc5ae02c04e5d0284db33"
            ],
            "version": "==4.3.0"
        },
        "flask": {
            "hashes": [
                "sha256:2353e7afbd0525d52ae8de3e259d89c2c951eae6f935126e20c7fd94c36e4255",
                "sha256:ac8a1e93614ec8d4143b54587692b0bac6d094c543add0d026b5443139781378"
            ],
            "version": "==2.0.0rc1"
        },
        "flask-compress": {
            "hashes": [
                "sha256:6dc80e18b0304ff3155461fb4b155eb8be3e929e6f7bbdd90c723e1c554e2368",
                "sha256:d93edd8fc02ae74b73c3df10a8e7ee26dee489c65dedce0b3a1d2ce05ac3d1be"
            ],
            "version": "==1.9.0"
        },
        "future": {
            "hashes": [
                "sha256:b1bead90b70cf6ec3f0710ae53a525360fa360d306a86583adc6bf83a4db537d"
            ],
            "version": "==0.18.2"
        },
        "idna": {
            "hashes": [
                "sha256:b307872f855b18632ce0c21c5e45be78c0ea7ae4c15c828c20788b26921eb3f6",
                "sha256:b97d804b1e9b523befed77c48dacec60e6dcb0b5391d57af6a65a312a90648c0"
            ],
            "version": "==2.10"
        },
        "isort": {
            "hashes": [
                "sha256:54da7e92468955c4fceacd0c86bd0ec997b0e1ee80d97f67c35a78b719dccab1",
                "sha256:6e811fcb295968434526407adb8796944f1988c5b65e8139058f2014cbe100fd"
            ],
            "version": "==4.3.21"
        },
        "itsdangerous": {
            "hashes": [
                "sha256:aea4b5c1c81179e92d04142ed2dc6a44642da3909fdb5c7b64e7ea946d4b3bd6",
                "sha256:fe99186c3f66ab0a064c51bedb72772c95b7f919e0ac9feed37f7c4be2745b15"
            ],
            "version": "==2.0.0rc2"
        },
        "jinja2": {
            "hashes": [
                "sha256:8e68a2e702a59a57c86305752df25532472a0dad2b4b2756a1d289c618a9e1f5",
                "sha256:fd581ab32650fec6d24e8f035dd9757f3549ea6e559534d5d2385d4ade7e0fe1"
            ],
            "version": "==3.0.0rc2"
        },
        "kafka-python": {
            "hashes": [
                "sha256:2f29baad4b3efe05a2bb81ac268855aa01cbc68397f15bac77b494ffd7e2cada",
                "sha256:4fbebebfcb6fc94903fb720fe883d7bbec7298f4f1acb857c21dd3b4b114ba4b"
            ],
            "index": "pypi",
            "version": "==1.4.7"
        },
        "lazy-object-proxy": {
            "hashes": [
                "sha256:0c4b206227a8097f05c4dbdd323c50edf81f15db3b8dc064d08c62d37e1a504d",
                "sha256:194d092e6f246b906e8f70884e620e459fc54db3259e60cf69a4d66c3fda3449",
                "sha256:1be7e4c9f96948003609aa6c974ae59830a6baecc5376c25c92d7d697e684c08",
                "sha256:4677f594e474c91da97f489fea5b7daa17b5517190899cf213697e48d3902f5a",
                "sha256:48dab84ebd4831077b150572aec802f303117c8cc5c871e182447281ebf3ac50",
                "sha256:5541cada25cd173702dbd99f8e22434105456314462326f06dba3e180f203dfd",
                "sha256:59f79fef100b09564bc2df42ea2d8d21a64fdcda64979c0fa3db7bdaabaf6239",
                "sha256:8d859b89baf8ef7f8bc6b00aa20316483d67f0b1cbf422f5b4dc56701c8f2ffb",
                "sha256:9254f4358b9b541e3441b007a0ea0764b9d056afdeafc1a5569eee1cc6c1b9ea",
                "sha256:9651375199045a358eb6741df3e02a651e0330be090b3bc79f6d0de31a80ec3e",
                "sha256:97bb5884f6f1cdce0099f86b907aa41c970c3c672ac8b9c8352789e103cf3156",
                "sha256:9b15f3f4c0f35727d3a0fba4b770b3c4ebbb1fa907dbcc046a1d2799f3edd142",
                "sha256:a2238e9d1bb71a56cd710611a1614d1194dc10a175c1e08d75e1a7bcc250d442",
                "sha256:a6ae12d08c0bf9909ce12385803a543bfe99b95fe01e752536a60af2b7797c62",
                "sha256:ca0a928a3ddbc5725be2dd1cf895ec0a254798915fb3a36af0964a0a4149e3db",
                "sha256:cb2c7c57005a6804ab66f106ceb8482da55f5314b7fcb06551db1edae4ad1531",
                "sha256:d74bb8693bf9cf75ac3b47a54d716bbb1a92648d5f781fc799347cfc95952383",
                "sha256:d945239a5639b3ff35b70a88c5f2f491913eb94871780ebfabb2568bd58afc5a",
                "sha256:eba7011090323c1dadf18b3b689845fd96a61ba0a1dfbd7f24b921398affc357",
                "sha256:efa1909120ce98bbb3777e8b6f92237f5d5c8ea6758efea36a473e1d38f7d3e4",
                "sha256:f3900e8a5de27447acbf900b4750b0ddfd7ec1ea7fbaf11dfa911141bc522af0"
            ],
            "version": "==1.4.3"
        },
        "markupsafe": {
            "hashes": [
                "sha256:023be69df51b68f9f1ed42b5959303dad3c153cd958ebb0e34c18251fb967837",
                "sha256:074bbd79cfeba59d5a426e09a7d7a36247b2ba429aaa762d547b101ff1818b74",
                "sha256:07f31078aaa975a1a962a775059cf0dfe6dd2fcafff4c4b5f9df76268ae566e9",
                "sha256:0e371c83c31cee6a659499172f53fe5722c80316bb198eaa492668460fc22378",
                "sha256:152e680f380562ad34277f5d3f066b62eb25d2dda47afc14f76ee49f3cd467e7",
                "sha256:15992536bd3e91defff17579d388475cc60fc3aeff883ac14edbdd079817e0b7",
                "sha256:167a017abf294fc17b3b5098b77667246030ad68d02a59f1fc9b48f65ff836aa",
                "sha256:24fa977011c8d17dae93641376090fc7434babf95128f862bb61fad545afc580",
                "sha256:27051dce1be59d0d1e09bb58e9bdda10f1e546a97c119cf3b88b82a24b48081c",
                "sha256:36afcf88a772054038be74cbfa872074e9c1ac3481e66b8da4967e81150e139e",
                "sha256:41d3b3776bc820c8fcc585df6b49c2a3e245c64a46ad7aa1b21ce08179d9167b",
                "sha256:4d95e90df3e2bc76fa71d524a861083bbac1f1bcaf429c991292518343232e5b",
                "sha256:50ccc0b107e7b95d5a2c55cd9f34d7b4696d3092d4bd231cef56131059653554",
                "sha256:55eb46368cc8a62ff7a15e84cea243403fc514b3d7d13168d55e99eb8a772129",
                "sha256:5c949af1abb37dc23c1ebcee2783a26f0f91b42a4dd6184291e5502c409ac743",
                "sha256:666f687682398f4c26e6b41be8233d3ea86fa9fbad56d98a4cf32110d7675773",
                "sha256:680c521ee5214bf28aa20f90107d2c5d0849b24042e44c17d94d52727af23dcd",
                "sha256:686f3c2e7b2a8e36b2003c952c498bbf24753a35b72e7eccb2d62897f4f59b8e",
                "sha256:6c3b64b774d8c8705a04e28c1c7e2c60705e2b72bfa388d8c863ad0dfce5cbd6",
                "sha256:70bee0400f78ce7e6aa6d2526be515afe7ac1693d9db1f6782ddc3420a4d961c",
                "sha256:746a22773b02c79ea570cf97f92aad7e58938bcd2670de499e349d8430f989ef",
                "sha256:93019a67f12e4e5cf5d4570465fe6ce9a8951be4173e1287e838dff3332a315e",
                "sha256:a7718a137e319e6a61bb4598ec12f7da18553d5d28ae6e21165dfc0d0d90a1b4",
                "sha256:aba3cf1d4d2e8664bace4e4df478e08d4bc2d36d7b59444e10bb7934e2708d87",
                "sha256:ad9dfe60753afa2932ed5adba73a1ff401e3de4106f88b4c31262ebab62b7708",
                "sha256:b24e488972dfadcb0f845f5536c79addc15eb6576548537a38075018e26477f0",
                "sha256:e1ea9b34bec7dbf653edd3361170108cb717b4f49be729e2367f5151d1e938ee",
                "sha256:e3ff50bf999c0f45552761bf4a9138dc0464d887de8f2afeb9d95f7bb03a1ec0",
                "sha256:e792bf8b47441bcf506a09bbffea178398e3dec6c58865e8dd01cc4dcd07685d",
                "sha256:f24aa8c69bd9d61316de172ad19cc6d069da510821585d777960f90b2ed5501c",
                "sha256:f3a67f5ba9452a3287d35e4f174ddfca72a1bb48da09d2e1d35598922c4c1e41",
                "sha256:f6dee1e460629691452bf37419825bba4002fdb4883701c7cd72e5aa42724aa9",
                "sha256:f99fd93e52de0cbe675eda692c238dfde5d09c73c38e497a5a0f9a706f394264",
                "sha256:fd76ae35e33a1af04a63de5ff5fea872b9b01cff079cf895cec3697ded2c433e"
            ],
            "version": "==2.0.0rc2"
        },
        "mccabe": {
            "hashes": [
                "sha256:ab8a6258860da4b6677da4bd2fe5dc2c659cff31b3ee4f7f5d64e79735b80d42",
                "sha256:dd8d182285a0fe56bace7f45b5e7d1a6ebcbf524e8f3bd87eb0f125271b8831f"
            ],
            "version": "==0.6.1"
        },
        "oauthlib": {
            "hashes": [
                "sha256:bee41cc35fcca6e988463cacc3bcb8a96224f470ca547e697b604cc697b2f889",
                "sha256:df884cd6cbe20e32633f1db1072e9356f53638e4361bef4e8b03c9127c9328ea"
            ],
            "version": "==3.1.0"
        },
        "plotly": {
            "hashes": [
                "sha256:7d8aaeed392e82fb8e0e48899f2d3d957b12327f9d38cdd5802bc574a8a39d91",
                "sha256:d68fc15fcb49f88db27ab3e0c87110943e65fee02a47f33a8590f541b3042461"
            ],
            "version": "==4.14.3"
        },
        "pylint": {
            "hashes": [
                "sha256:7edbae11476c2182708063ac387a8f97c760d9cfe36a5ede0ca996f90cf346c8",
                "sha256:844ce067788028c1a35086a5c66bc5e599ddd851841c41d6ee1623b36774d9f2"
            ],
            "index": "pypi",
            "version": "==2.4.2"
        },
        "pysocks": {
            "hashes": [
                "sha256:08e69f092cc6dbe92a0fdd16eeb9b9ffbc13cadfe5ca4c7bd92ffb078b293299",
                "sha256:2725bd0a9925919b9b51739eea5f9e2bae91e83288108a9ad338b2e3a4435ee5",
                "sha256:3f8804571ebe159c380ac6de37643bb4685970655d3bba243530d6558b799aa0"
            ],
            "version": "==1.7.1"
        },
        "pyyaml": {
            "hashes": [
                "sha256:0113bc0ec2ad727182326b61326afa3d1d8280ae1122493553fd6f4397f33df9",
                "sha256:01adf0b6c6f61bd11af6e10ca52b7d4057dd0be0343eb9283c878cf3af56aee4",
                "sha256:5124373960b0b3f4aa7df1707e63e9f109b5263eca5976c66e08b1c552d4eaf8",
                "sha256:5ca4f10adbddae56d824b2c09668e91219bb178a1eee1faa56af6f99f11bf696",
                "sha256:7907be34ffa3c5a32b60b95f4d95ea25361c951383a894fec31be7252b2b6f34",
                "sha256:7ec9b2a4ed5cad025c2278a1e6a19c011c80a3caaac804fd2d329e9cc2c287c9",
                "sha256:87ae4c829bb25b9fe99cf71fbb2140c448f534e24c998cc60f39ae4f94396a73",
                "sha256:9de9919becc9cc2ff03637872a440195ac4241c80536632fffeb6a1e25a74299",
                "sha256:a5a85b10e450c66b49f98846937e8cfca1db3127a9d5d1e31ca45c3d0bef4c5b",
                "sha256:b0997827b4f6a7c286c01c5f60384d218dca4ed7d9efa945c3e1aa623d5709ae",
                "sha256:b631ef96d3222e62861443cc89d6563ba3eeb816eeb96b2629345ab795e53681",
                "sha256:bf47c0607522fdbca6c9e817a6e81b08491de50f3766a7a0e6a5be7905961b41",
                "sha256:f81025eddd0327c7d4cfe9b62cf33190e1e736cc6e97502b3ec425f574b3e7a8"
            ],
            "index": "pypi",
            "version": "==5.1.2"
        },
        "requests": {
            "hashes": [
                "sha256:27973dd4a904a4f13b263a19c866c13b92a39ed1c964655f025f3f8d3d75b804",
                "sha256:c210084e36a42ae6b9219e00e48287def368a26d03a048ddad7bfee44f75871e"
            ],
            "version": "==2.25.1"
        },
        "requests-oauthlib": {
            "hashes": [
                "sha256:7f71572defaecd16372f9006f33c2ec8c077c3cfa6f5911a9a90202beb513f3d",
                "sha256:b4261601a71fd721a8bd6d7aa1cc1d6a8a93b4a9f5e96626f8e4d91e8beeaa6a"
            ],
            "version": "==1.3.0"
        },
        "retrying": {
            "hashes": [
                "sha256:08c039560a6da2fe4f2c426d0766e284d3b736e355f8dd24b37367b0bb41973b"
            ],
            "version": "==1.3.3"
        },
        "six": {
            "hashes": [
                "sha256:30639c035cdb23534cd4aa2dd52c3bf48f06e5f4a941509c8bafd8ce11080259",
                "sha256:8b74bedcbbbaca38ff6d7491d76f2b06b3592611af620f8426e82dddb04a5ced"
            ],
            "version": "==1.15.0"
        },
        "toml": {
            "hashes": [
                "sha256:806143ae5bfb6a3c6e736a764057db0e6a0e05e338b5630894a5f779cabb4f9b",
                "sha256:b3bda1d108d5dd99f4a20d24d9c348e91c4db7ab1b749200bded2f839ccbe68f"
            ],
            "version": "==0.10.2"
        },
        "tweepy": {
            "hashes": [
                "sha256:8abd828ba51a85a2b5bb7373715d6d3bb32d18ac624e3a4db02e4ef8ab48316b",
                "sha256:ecc7f200c86127903017e48824efd008734814e95f3e8e9b45ce0f4120dd08db"
            ],
            "index": "pypi",
            "version": "==3.8.0"
        },
        "typed-ast": {
            "hashes": [
                "sha256:01ae5f73431d21eead5015997ab41afa53aa1fbe252f9da060be5dad2c730ace",
                "sha256:067a74454df670dcaa4e59349a2e5c81e567d8d65458d480a5b3dfecec08c5ff",
                "sha256:0fb71b8c643187d7492c1f8352f2c15b4c4af3f6338f21681d3681b3dc31a266",
                "sha256:1b3ead4a96c9101bef08f9f7d1217c096f31667617b58de957f690c92378b528",
                "sha256:2068531575a125b87a41802130fa7e29f26c09a2833fea68d9a40cf33902eba6",
                "sha256:209596a4ec71d990d71d5e0d312ac935d86930e6eecff6ccc7007fe54d703808",
                "sha256:2c726c276d09fc5c414693a2de063f521052d9ea7c240ce553316f70656c84d4",
                "sha256:398e44cd480f4d2b7ee8d98385ca104e35c81525dd98c519acff1b79bdaac363",
                "sha256:52b1eb8c83f178ab787f3a4283f68258525f8d70f778a2f6dd54d3b5e5fb4341",
                "sha256:5feca99c17af94057417d744607b82dd0a664fd5e4ca98061480fd8b14b18d04",
                "sha256:7538e495704e2ccda9b234b82423a4038f324f3a10c43bc088a1636180f11a41",
                "sha256:760ad187b1041a154f0e4d0f6aae3e40fdb51d6de16e5c99aedadd9246450e9e",
                "sha256:777a26c84bea6cd934422ac2e3b78863a37017618b6e5c08f92ef69853e765d3",
                "sha256:95431a26309a21874005845c21118c83991c63ea800dd44843e42a916aec5899",
                "sha256:9ad2c92ec681e02baf81fdfa056fe0d818645efa9af1f1cd5fd6f1bd2bdfd805",
                "sha256:9c6d1a54552b5330bc657b7ef0eae25d00ba7ffe85d9ea8ae6540d2197a3788c",
                "sha256:aee0c1256be6c07bd3e1263ff920c325b59849dc95392a05f258bb9b259cf39c",
                "sha256:af3d4a73793725138d6b334d9d247ce7e5f084d96284ed23f22ee626a7b88e39",
                "sha256:b36b4f3920103a25e1d5d024d155c504080959582b928e91cb608a65c3a49e1a",
                "sha256:b9574c6f03f685070d859e75c7f9eeca02d6933273b5e69572e5ff9d5e3931c3",
                "sha256:bff6ad71c81b3bba8fa35f0f1921fb24ff4476235a6e94a26ada2e54370e6da7",
                "sha256:c190f0899e9f9f8b6b7863debfb739abcb21a5c054f911ca3596d12b8a4c4c7f",
                "sha256:c907f561b1e83e93fad565bac5ba9c22d96a54e7ea0267c708bffe863cbe4075",
                "sha256:cae53c389825d3b46fb37538441f75d6aecc4174f615d048321b716df2757fb0",
                "sha256:dd4a21253f42b8d2b48410cb31fe501d32f8b9fbeb1f55063ad102fe9c425e40",
                "sha256:dde816ca9dac1d9c01dd504ea5967821606f02e510438120091b84e852367428",
                "sha256:f2362f3cb0f3172c42938946dbc5b7843c2a28aec307c49100c8b38764eb6927",
                "sha256:f328adcfebed9f11301eaedfa48e15bdece9b519fb27e6a8c01aa52a17ec31b3",
                "sha256:f8afcf15cc511ada719a88e013cec87c11aff7b91f019295eb4530f96fe5ef2f",
                "sha256:fb1bbeac803adea29cedd70781399c99138358c26d05fcbd23c13016b7f5ec65"
            ],
            "markers": "implementation_name == 'cpython' and python_version < '3.8'",
            "version": "==1.4.3"
        },
        "urllib3": {
            "hashes": [
                "sha256:2f3db8b19923a873b3e5256dc9c2dedfa883e33d87c690d9c7913e1f40673cdc",
                "sha256:87716c2d2a7121198ebcb7ce7cccf6ce5e9ba539041cfbaeecfb641dc0bf6acc"
            ],
            "index": "pypi",
            "version": "==1.25.8"
        },
        "werkzeug": {
            "hashes": [
                "sha256:4158aad4fdfe14d0ffe9f8ae832323e0ed90615b0354c13875f59e8a08e6a6fa",
                "sha256:7fff67401402b565044b26c09201177e62ea212f9c9b809f7624481dd8421975"
            ],
            "version": "==2.0.0rc4"
        },
        "wrapt": {
            "hashes": [
                "sha256:565a021fd19419476b9362b05eeaa094178de64f8361e44468f9e9d7843901e1"
            ],
            "version": "==1.11.2"
        }
    },
    "develop": {}
}
